
Microsoft Visual Studio Solution File, Format Version 12.00
# Visual Studio Version 17
VisualStudioVersion = 17.9.34728.123
MinimumVisualStudioVersion = 10.0.40219.1
Project("{FAE04EC0-301F-11D3-BF4B-00C04F79EFBC}") = "ConsoleApp5", "ConsoleApp5\ConsoleApp5.csproj", "{7B72D458-1BAB-4C48-9F94-4EFCAA7096DD}"
EndProject
Global
	GlobalSection(SolutionConfigurationPlatforms) = preSolution
		Debug|Any CPU = Debug|Any CPU
		Release|Any CPU = Release|Any CPU
	EndGlobalSection
	GlobalSection(ProjectConfigurationPlatforms) = postSolution
		{7B72D458-1BAB-4C48-9F94-4EFCAA7096DD}.Debug|Any CPU.ActiveCfg = Debug|Any CPU
		{7B72D458-1BAB-4C48-9F94-4EFCAA7096DD}.Debug|Any CPU.Build.0 = Debug|Any CPU
		{7B72D458-1BAB-4C48-9F94-4EFCAA7096DD}.Release|Any CPU.ActiveCfg = Release|Any CPU
		{7B72D458-1BAB-4C48-9F94-4EFCAA7096DD}.Release|Any CPU.Build.0 = Release|Any CPU
	EndGlobalSection
	GlobalSection(SolutionProperties) = preSolution
		HideSolutionNode = FALSE
	EndGlobalSection
	GlobalSection(ExtensibilityGlobals) = postSolution
		SolutionGuid = {6EDF1B7E-6BB5-4149-A446-85277371BBC0}
	EndGlobalSection
EndGlobal
